<?xml version="1.0" encoding="utf-8"?>
<Project ToolsVersion="4.0" xmlns="http://schemas.microsoft.com/developer/msbuild/2003">
  <ItemGroup>
    <ClCompile Include="pch.cpp" />
    <ClCompile Include="TestUtility.cpp">
      <Filter>test cases</Filter>
    </ClCompile>
    <ClCompile Include="TestCreateVkDevice.cpp">
      <Filter>test cases</Filter>
    </ClCompile>
    <ClCompile Include="TestCreateVkInstance.cpp">
      <Filter>test cases</Filter>
    </ClCompile>
    <ClCompile Include="TestCreateVkShaderModule.cpp">
      <Filter>test cases</Filter>
    </ClCompile>
    <ClCompile Include="TestCreateWindow.cpp">
      <Filter>test cases</Filter>
    </ClCompile>
  </ItemGroup>
  <ItemGroup>
    <None Include="packages.config" />
  </ItemGroup>
  <ItemGroup>
    <Filter Include="common">
      <UniqueIdentifier>{36d3dd61-adda-4f3b-b4b5-b71061716e52}</UniqueIdentifier>
    </Filter>
    <Filter Include="test cases">
      <UniqueIdentifier>{9d6db2e0-892f-4b27-9fdf-2a4d49fd051f}</UniqueIdentifier>
    </Filter>
  </ItemGroup>
  <ItemGroup>
    <ClInclude Include="pch.h" />
    <ClInclude Include="UnitTestCommon.h">
      <Filter>common</Filter>
    </ClInclude>
  </ItemGroup>
</Project>