<?xml version="1.0" encoding="utf-8"?>
<Project ToolsVersion="4.0" xmlns="http://schemas.microsoft.com/developer/msbuild/2003">
  <ItemGroup>
    <Filter Include="general">
      <UniqueIdentifier>{6015bd38-8c1b-4a93-8481-79356df622ce}</UniqueIdentifier>
    </Filter>
    <Filter Include="vulkan">
      <UniqueIdentifier>{cc98133f-1b73-4e58-be25-68a9aa354c89}</UniqueIdentifier>
    </Filter>
    <Filter Include="vulkan\descriptors">
      <UniqueIdentifier>{1ef28b91-6070-475f-a093-6c2bb5fa4896}</UniqueIdentifier>
    </Filter>
  </ItemGroup>
  <ItemGroup>
    <ClInclude Include="..\vkt\Common.h">
      <Filter>general</Filter>
    </ClInclude>
    <ClInclude Include="..\vkt\Utility.h">
      <Filter>general</Filter>
    </ClInclude>
    <ClInclude Include="..\vkt\VkUtility.h">
      <Filter>vulkan</Filter>
    </ClInclude>
    <ClInclude Include="..\vkt\VkTexture2D.h">
      <Filter>vulkan</Filter>
    </ClInclude>
    <ClInclude Include="..\vkt\VkSwapchain.h">
      <Filter>vulkan</Filter>
    </ClInclude>
    <ClInclude Include="..\vkt\VkShaderModuleCreator.h">
      <Filter>vulkan</Filter>
    </ClInclude>
    <ClInclude Include="..\vkt\VkRenderPassCreator.h">
      <Filter>vulkan</Filter>
    </ClInclude>
    <ClInclude Include="..\vkt\VkGraphicsPipelineDefaultState.h">
      <Filter>vulkan</Filter>
    </ClInclude>
    <ClInclude Include="..\vkt\VkGenericImage.h">
      <Filter>vulkan</Filter>
    </ClInclude>
    <ClInclude Include="..\vkt\VkDebugMessenger.h">
      <Filter>vulkan</Filter>
    </ClInclude>
    <ClInclude Include="..\vkt\VkContext.h">
      <Filter>vulkan</Filter>
    </ClInclude>
    <ClInclude Include="..\vkt\Model.h">
      <Filter>vulkan</Filter>
    </ClInclude>
    <ClInclude Include="..\vkt\Mesh.h">
      <Filter>vulkan</Filter>
    </ClInclude>
    <ClInclude Include="..\vkt\Export.h">
      <Filter>general</Filter>
    </ClInclude>
    <ClInclude Include="..\vkt\VkCallParser.h">
      <Filter>general</Filter>
    </ClInclude>
    <ClInclude Include="..\vkt\VkObjectCreator.h">
      <Filter>vulkan</Filter>
    </ClInclude>
    <ClInclude Include="..\vkt\VkGraphicsPipelineDescriptor.h">
      <Filter>vulkan\descriptors</Filter>
    </ClInclude>
    <ClInclude Include="..\vkt\VkInitializer.h">
      <Filter>vulkan</Filter>
    </ClInclude>
    <ClInclude Include="..\vkt\VkInstanceDescriptor.h">
      <Filter>vulkan\descriptors</Filter>
    </ClInclude>
    <ClInclude Include="..\vkt\VkDeviceDescriptor.h">
      <Filter>vulkan\descriptors</Filter>
    </ClInclude>
  </ItemGroup>
  <ItemGroup>
    <ClCompile Include="..\vkt\VkUtility.cpp">
      <Filter>vulkan</Filter>
    </ClCompile>
    <ClCompile Include="..\vkt\VkTexture2D.cpp">
      <Filter>vulkan</Filter>
    </ClCompile>
    <ClCompile Include="..\vkt\VkSwapchain.cpp">
      <Filter>vulkan</Filter>
    </ClCompile>
    <ClCompile Include="..\vkt\VkShaderModuleCreator.cpp">
      <Filter>vulkan</Filter>
    </ClCompile>
    <ClCompile Include="..\vkt\VkRenderPassCreator.cpp">
      <Filter>vulkan</Filter>
    </ClCompile>
    <ClCompile Include="..\vkt\VkGenericImage.cpp">
      <Filter>vulkan</Filter>
    </ClCompile>
    <ClCompile Include="..\vkt\VkDebugMessenger.cpp">
      <Filter>vulkan</Filter>
    </ClCompile>
    <ClCompile Include="..\vkt\VkContext.cpp">
      <Filter>vulkan</Filter>
    </ClCompile>
    <ClCompile Include="..\vkt\Model.cpp">
      <Filter>vulkan</Filter>
    </ClCompile>
    <ClCompile Include="..\vkt\Mesh.cpp">
      <Filter>vulkan</Filter>
    </ClCompile>
    <ClCompile Include="..\vkt\VkCallParser.cpp">
      <Filter>general</Filter>
    </ClCompile>
    <ClCompile Include="..\vkt\VkObjectCreator.cpp">
      <Filter>vulkan</Filter>
    </ClCompile>
    <ClCompile Include="..\vkt\VkGraphicsPipelineDescriptor.cpp">
      <Filter>vulkan\descriptors</Filter>
    </ClCompile>
    <ClCompile Include="..\vkt\VkInstanceDescriptor.cpp">
      <Filter>vulkan\descriptors</Filter>
    </ClCompile>
    <ClCompile Include="..\vkt\VkDeviceDescriptor.cpp">
      <Filter>vulkan\descriptors</Filter>
    </ClCompile>
  </ItemGroup>
</Project>