
Microsoft Visual Studio Solution File, Format Version 12.00
# Visual Studio 15
VisualStudioVersion = 15.0.28307.421
MinimumVisualStudioVersion = 10.0.40219.1
Project("{2150E333-8FDC-42A3-9474-1A3956D46DE8}") = "test", "test", "{656A9F1D-B1B3-4BBC-8D9B-567299CEB54A}"
EndProject
Project("{2150E333-8FDC-42A3-9474-1A3956D46DE8}") = "unit tests", "unit tests", "{8F608AC5-E7D1-44F6-8F9A-3AD1BB468C6D}"
EndProject
Project("{8BC9CEB8-8B4A-11D0-8D11-00A0C91BC942}") = "vkt", "vkt.vcxproj", "{B9AE0893-58B4-409D-BCFB-E97748BAFA16}"
EndProject
Project("{8BC9CEB8-8B4A-11D0-8D11-00A0C91BC942}") = "Sample-Test001 (TestCreateContext)", "..\test\Sample-Test001\Sample-Test001.vcxproj", "{3BEA5674-433D-4B54-BE51-DD165AEB2CE2}"
EndProject
Project("{8BC9CEB8-8B4A-11D0-8D11-00A0C91BC942}") = "Sample-Test004 (TestCreateShaderModule)", "..\test\Sample-Test004 (TestCreateShaderModule)\Sample-Test004 (TestCreateShaderModule).vcxproj", "{5B99AAF6-BD6D-4658-96D8-74ED46570E56}"
EndProject
Project("{8BC9CEB8-8B4A-11D0-8D11-00A0C91BC942}") = "Sample-Test002 (TestCreateSwapchain)", "..\test\Sample-Test002\Sample-Test002.vcxproj", "{0B7FF8E2-AC0D-4581-BEBF-F0E199FD4FB5}"
EndProject
Project("{8BC9CEB8-8B4A-11D0-8D11-00A0C91BC942}") = "Sample-Test003 (TestCreateRenderPass)", "..\test\Sample-Test003\Sample-Test003.vcxproj", "{48E5E21C-0454-4050-8F0D-8519647AF614}"
EndProject
Project("{8BC9CEB8-8B4A-11D0-8D11-00A0C91BC942}") = "Sample-Test005 (TestCreateGraphicsPipeline)", "..\test\Sample-Test005 (TestCreateGraphicsPipeline)\Sample-Test005 (TestCreateGraphicsPipeline).vcxproj", "{5ED2A99F-7C6B-43B8-8245-E1E53CCD3AFC}"
EndProject
Project("{8BC9CEB8-8B4A-11D0-8D11-00A0C91BC942}") = "Sample-Test006(TestCreateBuffer)", "..\test\Sample-Test006\Sample-Test006.vcxproj", "{7847B89B-AF46-48E4-9B91-2B97F1B5DA78}"
EndProject
Project("{8BC9CEB8-8B4A-11D0-8D11-00A0C91BC942}") = "Sample-Test000 (TestParseVkCall)", "..\test\Sample-Test000\Sample-Test000.vcxproj", "{F60AC400-2E0D-4814-94DE-551BF6B5F498}"
EndProject
Project("{2150E333-8FDC-42A3-9474-1A3956D46DE8}") = "tools", "tools", "{85853B07-8D84-4053-B1FD-387B1AB38B84}"
EndProject
Project("{8BC9CEB8-8B4A-11D0-8D11-00A0C91BC942}") = "VkInitializerGenerator", "..\tools\VkInitializerGenerator\VkInitializerGenerator.vcxproj", "{3F516905-1CAC-432D-9CB3-4EB3C7839D63}"
EndProject
Global
	GlobalSection(SolutionConfigurationPlatforms) = preSolution
		Debug|x64 = Debug|x64
		Debug|x86 = Debug|x86
		Release|x64 = Release|x64
		Release|x86 = Release|x86
	EndGlobalSection
	GlobalSection(ProjectConfigurationPlatforms) = postSolution
		{B9AE0893-58B4-409D-BCFB-E97748BAFA16}.Debug|x64.ActiveCfg = Debug|x64
		{B9AE0893-58B4-409D-BCFB-E97748BAFA16}.Debug|x64.Build.0 = Debug|x64
		{B9AE0893-58B4-409D-BCFB-E97748BAFA16}.Debug|x86.ActiveCfg = Debug|Win32
		{B9AE0893-58B4-409D-BCFB-E97748BAFA16}.Debug|x86.Build.0 = Debug|Win32
		{B9AE0893-58B4-409D-BCFB-E97748BAFA16}.Release|x64.ActiveCfg = Release|x64
		{B9AE0893-58B4-409D-BCFB-E97748BAFA16}.Release|x64.Build.0 = Release|x64
		{B9AE0893-58B4-409D-BCFB-E97748BAFA16}.Release|x86.ActiveCfg = Release|Win32
		{B9AE0893-58B4-409D-BCFB-E97748BAFA16}.Release|x86.Build.0 = Release|Win32
		{3BEA5674-433D-4B54-BE51-DD165AEB2CE2}.Debug|x64.ActiveCfg = Debug|x64
		{3BEA5674-433D-4B54-BE51-DD165AEB2CE2}.Debug|x64.Build.0 = Debug|x64
		{3BEA5674-433D-4B54-BE51-DD165AEB2CE2}.Debug|x86.ActiveCfg = Debug|Win32
		{3BEA5674-433D-4B54-BE51-DD165AEB2CE2}.Debug|x86.Build.0 = Debug|Win32
		{3BEA5674-433D-4B54-BE51-DD165AEB2CE2}.Release|x64.ActiveCfg = Release|x64
		{3BEA5674-433D-4B54-BE51-DD165AEB2CE2}.Release|x64.Build.0 = Release|x64
		{3BEA5674-433D-4B54-BE51-DD165AEB2CE2}.Release|x86.ActiveCfg = Release|Win32
		{3BEA5674-433D-4B54-BE51-DD165AEB2CE2}.Release|x86.Build.0 = Release|Win32
		{5B99AAF6-BD6D-4658-96D8-74ED46570E56}.Debug|x64.ActiveCfg = Debug|x64
		{5B99AAF6-BD6D-4658-96D8-74ED46570E56}.Debug|x64.Build.0 = Debug|x64
		{5B99AAF6-BD6D-4658-96D8-74ED46570E56}.Debug|x86.ActiveCfg = Debug|Win32
		{5B99AAF6-BD6D-4658-96D8-74ED46570E56}.Debug|x86.Build.0 = Debug|Win32
		{5B99AAF6-BD6D-4658-96D8-74ED46570E56}.Release|x64.ActiveCfg = Release|x64
		{5B99AAF6-BD6D-4658-96D8-74ED46570E56}.Release|x64.Build.0 = Release|x64
		{5B99AAF6-BD6D-4658-96D8-74ED46570E56}.Release|x86.ActiveCfg = Release|Win32
		{5B99AAF6-BD6D-4658-96D8-74ED46570E56}.Release|x86.Build.0 = Release|Win32
		{0B7FF8E2-AC0D-4581-BEBF-F0E199FD4FB5}.Debug|x64.ActiveCfg = Debug|x64
		{0B7FF8E2-AC0D-4581-BEBF-F0E199FD4FB5}.Debug|x64.Build.0 = Debug|x64
		{0B7FF8E2-AC0D-4581-BEBF-F0E199FD4FB5}.Debug|x86.ActiveCfg = Debug|Win32
		{0B7FF8E2-AC0D-4581-BEBF-F0E199FD4FB5}.Debug|x86.Build.0 = Debug|Win32
		{0B7FF8E2-AC0D-4581-BEBF-F0E199FD4FB5}.Release|x64.ActiveCfg = Release|x64
		{0B7FF8E2-AC0D-4581-BEBF-F0E199FD4FB5}.Release|x64.Build.0 = Release|x64
		{0B7FF8E2-AC0D-4581-BEBF-F0E199FD4FB5}.Release|x86.ActiveCfg = Release|Win32
		{0B7FF8E2-AC0D-4581-BEBF-F0E199FD4FB5}.Release|x86.Build.0 = Release|Win32
		{48E5E21C-0454-4050-8F0D-8519647AF614}.Debug|x64.ActiveCfg = Debug|x64
		{48E5E21C-0454-4050-8F0D-8519647AF614}.Debug|x64.Build.0 = Debug|x64
		{48E5E21C-0454-4050-8F0D-8519647AF614}.Debug|x86.ActiveCfg = Debug|Win32
		{48E5E21C-0454-4050-8F0D-8519647AF614}.Debug|x86.Build.0 = Debug|Win32
		{48E5E21C-0454-4050-8F0D-8519647AF614}.Release|x64.ActiveCfg = Release|x64
		{48E5E21C-0454-4050-8F0D-8519647AF614}.Release|x64.Build.0 = Release|x64
		{48E5E21C-0454-4050-8F0D-8519647AF614}.Release|x86.ActiveCfg = Release|Win32
		{48E5E21C-0454-4050-8F0D-8519647AF614}.Release|x86.Build.0 = Release|Win32
		{5ED2A99F-7C6B-43B8-8245-E1E53CCD3AFC}.Debug|x64.ActiveCfg = Debug|x64
		{5ED2A99F-7C6B-43B8-8245-E1E53CCD3AFC}.Debug|x64.Build.0 = Debug|x64
		{5ED2A99F-7C6B-43B8-8245-E1E53CCD3AFC}.Debug|x86.ActiveCfg = Debug|Win32
		{5ED2A99F-7C6B-43B8-8245-E1E53CCD3AFC}.Debug|x86.Build.0 = Debug|Win32
		{5ED2A99F-7C6B-43B8-8245-E1E53CCD3AFC}.Release|x64.ActiveCfg = Release|x64
		{5ED2A99F-7C6B-43B8-8245-E1E53CCD3AFC}.Release|x64.Build.0 = Release|x64
		{5ED2A99F-7C6B-43B8-8245-E1E53CCD3AFC}.Release|x86.ActiveCfg = Release|Win32
		{5ED2A99F-7C6B-43B8-8245-E1E53CCD3AFC}.Release|x86.Build.0 = Release|Win32
		{7847B89B-AF46-48E4-9B91-2B97F1B5DA78}.Debug|x64.ActiveCfg = Debug|x64
		{7847B89B-AF46-48E4-9B91-2B97F1B5DA78}.Debug|x64.Build.0 = Debug|x64
		{7847B89B-AF46-48E4-9B91-2B97F1B5DA78}.Debug|x86.ActiveCfg = Debug|Win32
		{7847B89B-AF46-48E4-9B91-2B97F1B5DA78}.Debug|x86.Build.0 = Debug|Win32
		{7847B89B-AF46-48E4-9B91-2B97F1B5DA78}.Release|x64.ActiveCfg = Release|x64
		{7847B89B-AF46-48E4-9B91-2B97F1B5DA78}.Release|x64.Build.0 = Release|x64
		{7847B89B-AF46-48E4-9B91-2B97F1B5DA78}.Release|x86.ActiveCfg = Release|Win32
		{7847B89B-AF46-48E4-9B91-2B97F1B5DA78}.Release|x86.Build.0 = Release|Win32
		{F60AC400-2E0D-4814-94DE-551BF6B5F498}.Debug|x64.ActiveCfg = Debug|x64
		{F60AC400-2E0D-4814-94DE-551BF6B5F498}.Debug|x64.Build.0 = Debug|x64
		{F60AC400-2E0D-4814-94DE-551BF6B5F498}.Debug|x86.ActiveCfg = Debug|Win32
		{F60AC400-2E0D-4814-94DE-551BF6B5F498}.Debug|x86.Build.0 = Debug|Win32
		{F60AC400-2E0D-4814-94DE-551BF6B5F498}.Release|x64.ActiveCfg = Release|x64
		{F60AC400-2E0D-4814-94DE-551BF6B5F498}.Release|x64.Build.0 = Release|x64
		{F60AC400-2E0D-4814-94DE-551BF6B5F498}.Release|x86.ActiveCfg = Release|Win32
		{F60AC400-2E0D-4814-94DE-551BF6B5F498}.Release|x86.Build.0 = Release|Win32
		{3F516905-1CAC-432D-9CB3-4EB3C7839D63}.Debug|x64.ActiveCfg = Debug|x64
		{3F516905-1CAC-432D-9CB3-4EB3C7839D63}.Debug|x64.Build.0 = Debug|x64
		{3F516905-1CAC-432D-9CB3-4EB3C7839D63}.Debug|x86.ActiveCfg = Debug|Win32
		{3F516905-1CAC-432D-9CB3-4EB3C7839D63}.Debug|x86.Build.0 = Debug|Win32
		{3F516905-1CAC-432D-9CB3-4EB3C7839D63}.Release|x64.ActiveCfg = Release|x64
		{3F516905-1CAC-432D-9CB3-4EB3C7839D63}.Release|x64.Build.0 = Release|x64
		{3F516905-1CAC-432D-9CB3-4EB3C7839D63}.Release|x86.ActiveCfg = Release|Win32
		{3F516905-1CAC-432D-9CB3-4EB3C7839D63}.Release|x86.Build.0 = Release|Win32
	EndGlobalSection
	GlobalSection(SolutionProperties) = preSolution
		HideSolutionNode = FALSE
	EndGlobalSection
	GlobalSection(NestedProjects) = preSolution
		{8F608AC5-E7D1-44F6-8F9A-3AD1BB468C6D} = {656A9F1D-B1B3-4BBC-8D9B-567299CEB54A}
		{3BEA5674-433D-4B54-BE51-DD165AEB2CE2} = {8F608AC5-E7D1-44F6-8F9A-3AD1BB468C6D}
		{5B99AAF6-BD6D-4658-96D8-74ED46570E56} = {8F608AC5-E7D1-44F6-8F9A-3AD1BB468C6D}
		{0B7FF8E2-AC0D-4581-BEBF-F0E199FD4FB5} = {8F608AC5-E7D1-44F6-8F9A-3AD1BB468C6D}
		{48E5E21C-0454-4050-8F0D-8519647AF614} = {8F608AC5-E7D1-44F6-8F9A-3AD1BB468C6D}
		{5ED2A99F-7C6B-43B8-8245-E1E53CCD3AFC} = {8F608AC5-E7D1-44F6-8F9A-3AD1BB468C6D}
		{7847B89B-AF46-48E4-9B91-2B97F1B5DA78} = {8F608AC5-E7D1-44F6-8F9A-3AD1BB468C6D}
		{F60AC400-2E0D-4814-94DE-551BF6B5F498} = {8F608AC5-E7D1-44F6-8F9A-3AD1BB468C6D}
		{3F516905-1CAC-432D-9CB3-4EB3C7839D63} = {85853B07-8D84-4053-B1FD-387B1AB38B84}
	EndGlobalSection
	GlobalSection(ExtensibilityGlobals) = postSolution
		SolutionGuid = {71CD24B9-2ECE-4B54-A511-112D3B0E8193}
	EndGlobalSection
EndGlobal
